
Microsoft Visual Studio Solution File, Format Version 12.00
# Visual Studio Version 17
VisualStudioVersion = 17.4.33213.308
MinimumVisualStudioVersion = 10.0.40219.1
Project("{FAE04EC0-301F-11D3-BF4B-00C04F79EFBC}") = "HW04_BestOil_ModalDialog", "HW04_BestOil_ModalDialog.csproj", "{DD0941AC-A93B-42F8-A617-2E70AD84BDB1}"
EndProject
Global
	GlobalSection(SolutionConfigurationPlatforms) = preSolution
		Debug|Any CPU = Debug|Any CPU
		Release|Any CPU = Release|Any CPU
	EndGlobalSection
	GlobalSection(ProjectConfigurationPlatforms) = postSolution
		{DD0941AC-A93B-42F8-A617-2E70AD84BDB1}.Debug|Any CPU.ActiveCfg = Debug|Any CPU
		{DD0941AC-A93B-42F8-A617-2E70AD84BDB1}.Debug|Any CPU.Build.0 = Debug|Any CPU
		{DD0941AC-A93B-42F8-A617-2E70AD84BDB1}.Release|Any CPU.ActiveCfg = Release|Any CPU
		{DD0941AC-A93B-42F8-A617-2E70AD84BDB1}.Release|Any CPU.Build.0 = Release|Any CPU
	EndGlobalSection
	GlobalSection(SolutionProperties) = preSolution
		HideSolutionNode = FALSE
	EndGlobalSection
	GlobalSection(ExtensibilityGlobals) = postSolution
		SolutionGuid = {D2BBA7B4-DD50-4DB9-B8DB-BECA30450794}
	EndGlobalSection
EndGlobal
