
Microsoft Visual Studio Solution File, Format Version 12.00
# Visual Studio Version 17
VisualStudioVersion = 17.4.33213.308
MinimumVisualStudioVersion = 10.0.40219.1
Project("{FAE04EC0-301F-11D3-BF4B-00C04F79EFBC}") = "HW05_Search_Files_by_Mask", "HW05_Search_Files_by_Mask.csproj", "{BC8395E2-5260-4262-B0B9-B59200799854}"
EndProject
Project("{FAE04EC0-301F-11D3-BF4B-00C04F79EFBC}") = "HW05_PC_Sell_Change", "..\HW05_PC_Sell_Change\HW05_PC_Sell_Change.csproj", "{98A73B4D-D1AD-4C52-A0E5-9311BD291867}"
EndProject
Project("{FAE04EC0-301F-11D3-BF4B-00C04F79EFBC}") = "HW05_Text_Open_Change", "..\HW05_Text_Open_Change\HW05_Text_Open_Change.csproj", "{B619D72E-4167-428D-B5DA-D6BE8AEAAAAA}"
EndProject
Global
	GlobalSection(SolutionConfigurationPlatforms) = preSolution
		Debug|Any CPU = Debug|Any CPU
		Release|Any CPU = Release|Any CPU
	EndGlobalSection
	GlobalSection(ProjectConfigurationPlatforms) = postSolution
		{BC8395E2-5260-4262-B0B9-B59200799854}.Debug|Any CPU.ActiveCfg = Debug|Any CPU
		{BC8395E2-5260-4262-B0B9-B59200799854}.Debug|Any CPU.Build.0 = Debug|Any CPU
		{BC8395E2-5260-4262-B0B9-B59200799854}.Release|Any CPU.ActiveCfg = Release|Any CPU
		{BC8395E2-5260-4262-B0B9-B59200799854}.Release|Any CPU.Build.0 = Release|Any CPU
		{98A73B4D-D1AD-4C52-A0E5-9311BD291867}.Debug|Any CPU.ActiveCfg = Debug|Any CPU
		{98A73B4D-D1AD-4C52-A0E5-9311BD291867}.Debug|Any CPU.Build.0 = Debug|Any CPU
		{98A73B4D-D1AD-4C52-A0E5-9311BD291867}.Release|Any CPU.ActiveCfg = Release|Any CPU
		{98A73B4D-D1AD-4C52-A0E5-9311BD291867}.Release|Any CPU.Build.0 = Release|Any CPU
		{B619D72E-4167-428D-B5DA-D6BE8AEAAAAA}.Debug|Any CPU.ActiveCfg = Debug|Any CPU
		{B619D72E-4167-428D-B5DA-D6BE8AEAAAAA}.Debug|Any CPU.Build.0 = Debug|Any CPU
		{B619D72E-4167-428D-B5DA-D6BE8AEAAAAA}.Release|Any CPU.ActiveCfg = Release|Any CPU
		{B619D72E-4167-428D-B5DA-D6BE8AEAAAAA}.Release|Any CPU.Build.0 = Release|Any CPU
	EndGlobalSection
	GlobalSection(SolutionProperties) = preSolution
		HideSolutionNode = FALSE
	EndGlobalSection
	GlobalSection(ExtensibilityGlobals) = postSolution
		SolutionGuid = {E772AE2B-FE98-4384-AAA7-567AA861A88A}
	EndGlobalSection
EndGlobal
