
Microsoft Visual Studio Solution File, Format Version 12.00
# Visual Studio Version 17
VisualStudioVersion = 17.4.33213.308
MinimumVisualStudioVersion = 10.0.40219.1
Project("{FAE04EC0-301F-11D3-BF4B-00C04F79EFBC}") = "Server", "Server.csproj", "{1A036303-74B5-41AE-923B-A165794857A6}"
EndProject
Project("{FAE04EC0-301F-11D3-BF4B-00C04F79EFBC}") = "Client", "..\Client\Client.csproj", "{097279ED-17BD-4EB4-AB57-5488F4A449CC}"
EndProject
Global
	GlobalSection(SolutionConfigurationPlatforms) = preSolution
		Debug|Any CPU = Debug|Any CPU
		Release|Any CPU = Release|Any CPU
	EndGlobalSection
	GlobalSection(ProjectConfigurationPlatforms) = postSolution
		{1A036303-74B5-41AE-923B-A165794857A6}.Debug|Any CPU.ActiveCfg = Debug|Any CPU
		{1A036303-74B5-41AE-923B-A165794857A6}.Debug|Any CPU.Build.0 = Debug|Any CPU
		{1A036303-74B5-41AE-923B-A165794857A6}.Release|Any CPU.ActiveCfg = Release|Any CPU
		{1A036303-74B5-41AE-923B-A165794857A6}.Release|Any CPU.Build.0 = Release|Any CPU
		{097279ED-17BD-4EB4-AB57-5488F4A449CC}.Debug|Any CPU.ActiveCfg = Debug|Any CPU
		{097279ED-17BD-4EB4-AB57-5488F4A449CC}.Debug|Any CPU.Build.0 = Debug|Any CPU
		{097279ED-17BD-4EB4-AB57-5488F4A449CC}.Release|Any CPU.ActiveCfg = Release|Any CPU
		{097279ED-17BD-4EB4-AB57-5488F4A449CC}.Release|Any CPU.Build.0 = Release|Any CPU
	EndGlobalSection
	GlobalSection(SolutionProperties) = preSolution
		HideSolutionNode = FALSE
	EndGlobalSection
	GlobalSection(ExtensibilityGlobals) = postSolution
		SolutionGuid = {41046D08-57AF-4E0F-8F0C-E6476255295B}
	EndGlobalSection
EndGlobal
