
Microsoft Visual Studio Solution File, Format Version 12.00
# Visual Studio Version 17
VisualStudioVersion = 17.4.33213.308
MinimumVisualStudioVersion = 10.0.40219.1
Project("{FAE04EC0-301F-11D3-BF4B-00C04F79EFBC}") = "_Server", "_Server.csproj", "{9A956C11-8980-487C-B128-893878DDF366}"
EndProject
Project("{FAE04EC0-301F-11D3-BF4B-00C04F79EFBC}") = "MessageDll", "..\MessageDll\MessageDll.csproj", "{0A589093-8B72-47A6-BBFC-CE4240081A90}"
EndProject
Project("{FAE04EC0-301F-11D3-BF4B-00C04F79EFBC}") = "_Client2", "..\_Client2\_Client2.csproj", "{A998C460-DFEB-48CD-B628-12F896FCA3B5}"
EndProject
Project("{FAE04EC0-301F-11D3-BF4B-00C04F79EFBC}") = "Paint", "..\Paint\Paint.csproj", "{3201C8A1-0CC5-4150-B793-87E208AC89ED}"
EndProject
Global
	GlobalSection(SolutionConfigurationPlatforms) = preSolution
		Debug|Any CPU = Debug|Any CPU
		Release|Any CPU = Release|Any CPU
	EndGlobalSection
	GlobalSection(ProjectConfigurationPlatforms) = postSolution
		{9A956C11-8980-487C-B128-893878DDF366}.Debug|Any CPU.ActiveCfg = Debug|Any CPU
		{9A956C11-8980-487C-B128-893878DDF366}.Debug|Any CPU.Build.0 = Debug|Any CPU
		{9A956C11-8980-487C-B128-893878DDF366}.Release|Any CPU.ActiveCfg = Release|Any CPU
		{9A956C11-8980-487C-B128-893878DDF366}.Release|Any CPU.Build.0 = Release|Any CPU
		{0A589093-8B72-47A6-BBFC-CE4240081A90}.Debug|Any CPU.ActiveCfg = Debug|Any CPU
		{0A589093-8B72-47A6-BBFC-CE4240081A90}.Debug|Any CPU.Build.0 = Debug|Any CPU
		{0A589093-8B72-47A6-BBFC-CE4240081A90}.Release|Any CPU.ActiveCfg = Release|Any CPU
		{0A589093-8B72-47A6-BBFC-CE4240081A90}.Release|Any CPU.Build.0 = Release|Any CPU
		{A998C460-DFEB-48CD-B628-12F896FCA3B5}.Debug|Any CPU.ActiveCfg = Debug|Any CPU
		{A998C460-DFEB-48CD-B628-12F896FCA3B5}.Debug|Any CPU.Build.0 = Debug|Any CPU
		{A998C460-DFEB-48CD-B628-12F896FCA3B5}.Release|Any CPU.ActiveCfg = Release|Any CPU
		{A998C460-DFEB-48CD-B628-12F896FCA3B5}.Release|Any CPU.Build.0 = Release|Any CPU
		{3201C8A1-0CC5-4150-B793-87E208AC89ED}.Debug|Any CPU.ActiveCfg = Debug|Any CPU
		{3201C8A1-0CC5-4150-B793-87E208AC89ED}.Debug|Any CPU.Build.0 = Debug|Any CPU
		{3201C8A1-0CC5-4150-B793-87E208AC89ED}.Release|Any CPU.ActiveCfg = Release|Any CPU
		{3201C8A1-0CC5-4150-B793-87E208AC89ED}.Release|Any CPU.Build.0 = Release|Any CPU
	EndGlobalSection
	GlobalSection(SolutionProperties) = preSolution
		HideSolutionNode = FALSE
	EndGlobalSection
	GlobalSection(ExtensibilityGlobals) = postSolution
		SolutionGuid = {AD15CA44-4CBD-44CC-8CA3-CAC4090B16FD}
	EndGlobalSection
EndGlobal
