
Microsoft Visual Studio Solution File, Format Version 12.00
# Visual Studio Version 17
VisualStudioVersion = 17.4.33213.308
MinimumVisualStudioVersion = 10.0.40219.1
Project("{FAE04EC0-301F-11D3-BF4B-00C04F79EFBC}") = "HW08_Thread_Forms", "HW08_Thread_Forms.csproj", "{A6145ABB-FF2E-4667-8392-8ED5B2962FF2}"
EndProject
Global
	GlobalSection(SolutionConfigurationPlatforms) = preSolution
		Debug|Any CPU = Debug|Any CPU
		Release|Any CPU = Release|Any CPU
	EndGlobalSection
	GlobalSection(ProjectConfigurationPlatforms) = postSolution
		{A6145ABB-FF2E-4667-8392-8ED5B2962FF2}.Debug|Any CPU.ActiveCfg = Debug|Any CPU
		{A6145ABB-FF2E-4667-8392-8ED5B2962FF2}.Debug|Any CPU.Build.0 = Debug|Any CPU
		{A6145ABB-FF2E-4667-8392-8ED5B2962FF2}.Release|Any CPU.ActiveCfg = Release|Any CPU
		{A6145ABB-FF2E-4667-8392-8ED5B2962FF2}.Release|Any CPU.Build.0 = Release|Any CPU
	EndGlobalSection
	GlobalSection(SolutionProperties) = preSolution
		HideSolutionNode = FALSE
	EndGlobalSection
	GlobalSection(ExtensibilityGlobals) = postSolution
		SolutionGuid = {BCD86F93-70D8-4DBF-A642-2BB8D714072C}
	EndGlobalSection
EndGlobal
