
Microsoft Visual Studio Solution File, Format Version 12.00
# Visual Studio Version 17
VisualStudioVersion = 17.4.33213.308
MinimumVisualStudioVersion = 10.0.40219.1
Project("{FAE04EC0-301F-11D3-BF4B-00C04F79EFBC}") = "Client", "Client.csproj", "{AAC9C027-FFF0-4D41-8E94-31660C8093A0}"
EndProject
Project("{FAE04EC0-301F-11D3-BF4B-00C04F79EFBC}") = "Paint", "..\..\Exam\Paint\Paint.csproj", "{3201C8A1-0CC5-4150-B793-87E208AC89ED}"
EndProject
Project("{FAE04EC0-301F-11D3-BF4B-00C04F79EFBC}") = "_Server", "..\_Server\_Server.csproj", "{9A956C11-8980-487C-B128-893878DDF366}"
EndProject
Global
	GlobalSection(SolutionConfigurationPlatforms) = preSolution
		Debug|Any CPU = Debug|Any CPU
		Release|Any CPU = Release|Any CPU
	EndGlobalSection
	GlobalSection(ProjectConfigurationPlatforms) = postSolution
		{AAC9C027-FFF0-4D41-8E94-31660C8093A0}.Debug|Any CPU.ActiveCfg = Debug|Any CPU
		{AAC9C027-FFF0-4D41-8E94-31660C8093A0}.Debug|Any CPU.Build.0 = Debug|Any CPU
		{AAC9C027-FFF0-4D41-8E94-31660C8093A0}.Release|Any CPU.ActiveCfg = Release|Any CPU
		{AAC9C027-FFF0-4D41-8E94-31660C8093A0}.Release|Any CPU.Build.0 = Release|Any CPU
		{3201C8A1-0CC5-4150-B793-87E208AC89ED}.Debug|Any CPU.ActiveCfg = Debug|Any CPU
		{3201C8A1-0CC5-4150-B793-87E208AC89ED}.Debug|Any CPU.Build.0 = Debug|Any CPU
		{3201C8A1-0CC5-4150-B793-87E208AC89ED}.Release|Any CPU.ActiveCfg = Release|Any CPU
		{3201C8A1-0CC5-4150-B793-87E208AC89ED}.Release|Any CPU.Build.0 = Release|Any CPU
		{9A956C11-8980-487C-B128-893878DDF366}.Debug|Any CPU.ActiveCfg = Debug|Any CPU
		{9A956C11-8980-487C-B128-893878DDF366}.Debug|Any CPU.Build.0 = Debug|Any CPU
		{9A956C11-8980-487C-B128-893878DDF366}.Release|Any CPU.ActiveCfg = Release|Any CPU
		{9A956C11-8980-487C-B128-893878DDF366}.Release|Any CPU.Build.0 = Release|Any CPU
	EndGlobalSection
	GlobalSection(SolutionProperties) = preSolution
		HideSolutionNode = FALSE
	EndGlobalSection
	GlobalSection(ExtensibilityGlobals) = postSolution
		SolutionGuid = {A3039470-FDC4-4CEE-B225-2BCB9EDEAF17}
	EndGlobalSection
EndGlobal
