
Microsoft Visual Studio Solution File, Format Version 12.00
# Visual Studio Version 17
VisualStudioVersion = 17.4.33213.308
MinimumVisualStudioVersion = 10.0.40219.1
Project("{FAE04EC0-301F-11D3-BF4B-00C04F79EFBC}") = "MyLib", "MyLib.csproj", "{7147AAD4-6959-4986-89AB-A1DE4A1E266C}"
EndProject
Global
	GlobalSection(SolutionConfigurationPlatforms) = preSolution
		Debug|Any CPU = Debug|Any CPU
		Release|Any CPU = Release|Any CPU
	EndGlobalSection
	GlobalSection(ProjectConfigurationPlatforms) = postSolution
		{7147AAD4-6959-4986-89AB-A1DE4A1E266C}.Debug|Any CPU.ActiveCfg = Debug|Any CPU
		{7147AAD4-6959-4986-89AB-A1DE4A1E266C}.Debug|Any CPU.Build.0 = Debug|Any CPU
		{7147AAD4-6959-4986-89AB-A1DE4A1E266C}.Release|Any CPU.ActiveCfg = Release|Any CPU
		{7147AAD4-6959-4986-89AB-A1DE4A1E266C}.Release|Any CPU.Build.0 = Release|Any CPU
	EndGlobalSection
	GlobalSection(SolutionProperties) = preSolution
		HideSolutionNode = FALSE
	EndGlobalSection
	GlobalSection(ExtensibilityGlobals) = postSolution
		SolutionGuid = {B012B7CD-A280-4361-8AEB-F2C7E570717A}
	EndGlobalSection
EndGlobal
