
Microsoft Visual Studio Solution File, Format Version 12.00
# Visual Studio Version 17
VisualStudioVersion = 17.4.33213.308
MinimumVisualStudioVersion = 10.0.40219.1
Project("{FAE04EC0-301F-11D3-BF4B-00C04F79EFBC}") = "HW06_Quiz_TabControl", "HW06_Quiz_TabControl.csproj", "{17FFADDB-D52F-4B7F-A1A7-C53DE3E61D40}"
EndProject
Global
	GlobalSection(SolutionConfigurationPlatforms) = preSolution
		Debug|Any CPU = Debug|Any CPU
		Release|Any CPU = Release|Any CPU
	EndGlobalSection
	GlobalSection(ProjectConfigurationPlatforms) = postSolution
		{17FFADDB-D52F-4B7F-A1A7-C53DE3E61D40}.Debug|Any CPU.ActiveCfg = Debug|Any CPU
		{17FFADDB-D52F-4B7F-A1A7-C53DE3E61D40}.Debug|Any CPU.Build.0 = Debug|Any CPU
		{17FFADDB-D52F-4B7F-A1A7-C53DE3E61D40}.Release|Any CPU.ActiveCfg = Release|Any CPU
		{17FFADDB-D52F-4B7F-A1A7-C53DE3E61D40}.Release|Any CPU.Build.0 = Release|Any CPU
	EndGlobalSection
	GlobalSection(SolutionProperties) = preSolution
		HideSolutionNode = FALSE
	EndGlobalSection
	GlobalSection(ExtensibilityGlobals) = postSolution
		SolutionGuid = {E3409557-3163-4D50-9A61-E2A6F790C532}
	EndGlobalSection
EndGlobal
